
Microsoft Visual Studio Solution File, Format Version 12.00
# Visual Studio Version 17
VisualStudioVersion = 17.11.34909.67
MinimumVisualStudioVersion = 10.0.40219.1
Project("{FAE04EC0-301F-11D3-BF4B-00C04F79EFBC}") = "MatchGame", "MatchGame\MatchGame.csproj", "{B193578A-8AEC-4BAC-905F-77EE946450AB}"
EndProject
Global
	GlobalSection(SolutionConfigurationPlatforms) = preSolution
		Debug|Any CPU = Debug|Any CPU
		Release|Any CPU = Release|Any CPU
	EndGlobalSection
	GlobalSection(ProjectConfigurationPlatforms) = postSolution
		{B193578A-8AEC-4BAC-905F-77EE946450AB}.Debug|Any CPU.ActiveCfg = Debug|Any CPU
		{B193578A-8AEC-4BAC-905F-77EE946450AB}.Debug|Any CPU.Build.0 = Debug|Any CPU
		{B193578A-8AEC-4BAC-905F-77EE946450AB}.Release|Any CPU.ActiveCfg = Release|Any CPU
		{B193578A-8AEC-4BAC-905F-77EE946450AB}.Release|Any CPU.Build.0 = Release|Any CPU
	EndGlobalSection
	GlobalSection(SolutionProperties) = preSolution
		HideSolutionNode = FALSE
	EndGlobalSection
	GlobalSection(ExtensibilityGlobals) = postSolution
		SolutionGuid = {BDD6E1F9-1416-48B2-A5C3-BBE1C47C9D98}
	EndGlobalSection
EndGlobal
